{
 "concrete_specs": {
  "aqmju5t5eq4v2rtt33jlqs5gxdwvfaj2": {
   "libxml2": {
    "version": "2.9.9",
    "arch": {
     "platform": "linux",
     "platform_os": "centos7",
     "target": {
      "name": "haswell",
      "vendor": "GenuineIntel",
      "features": [
       "aes",
       "avx",
       "avx2",
       "bmi1",
       "bmi2",
       "f16c",
       "fma",
       "mmx",
       "movbe",
       "pclmulqdq",
       "popcnt",
       "rdrand",
       "sse",
       "sse2",
       "sse4_1",
       "sse4_2",
       "ssse3"
      ],
      "generation": 0,
      "parents": [
       "ivybridge"
      ]
     }
    },
    "compiler": {
     "name": "gcc",
     "version": "4.8.5"
    },
    "namespace": "builtin",
    "parameters": {
     "python": false,
     "cflags": [],
     "cppflags": [],
     "cxxflags": [],
     "fflags": [],
     "ldflags": [],
     "ldlibs": []
    },
    "dependencies": {
     "libiconv": {
      "hash": "qazxaa4lnd2ukd44fjzdhayyxvcg3wyu",
      "type": [
       "build",
       "link"
      ]
     },
     "pkgconf": {
      "hash": "ci3lhnxwcondujc2kjgk3rvea7a6qanw",
      "type": [
       "build"
      ]
     },
     "xz": {
      "hash": "lwgmb5tpbe3qu5o427l2sysa6kffcz4w",
      "type": [
       "build",
       "link"
      ]
     },
     "zlib": {
      "hash": "pkmj6e72vggig3epxjcwxgzmxncaqnmp",
      "type": [
       "build",
       "link"
      ]
     }
    },
    "hash": "52ybz3pj2g4niacjk33renmlasn6du7l"
   }
  },
  "kbptkkmpipuohhzg5iqexa4eov2cpcav": {
   "expat": {
    "version": "2.2.9",
    "arch": {
     "platform": "linux",
     "platform_os": "centos7",
     "target": {
      "name": "haswell",
      "vendor": "GenuineIntel",
      "features": [
       "aes",
       "avx",
       "avx2",
       "bmi1",
       "bmi2",
       "f16c",
       "fma",
       "mmx",
       "movbe",
       "pclmulqdq",
       "popcnt",
       "rdrand",
       "sse",
       "sse2",
       "sse4_1",
       "sse4_2",
       "ssse3"
      ],
      "generation": 0,
      "parents": [
       "ivybridge"
      ]
     }
    },
    "compiler": {
     "name": "gcc",
     "version": "4.8.5"
    },
    "namespace": "builtin",
    "parameters": {
     "libbsd": true,
     "cflags": [],
     "cppflags": [],
     "cxxflags": [],
     "fflags": [],
     "ldflags": [],
     "ldlibs": []
    },
    "dependencies": {
     "libbsd": {
      "hash": "zdpj4mixa3q7p2b3zgojligmsnnw54ne",
      "type": [
       "build",
       "link"
      ]
     }
    },
    "hash": "kbptkkmpipuohhzg5iqexa4eov2cpcav"
   }
  },
  "iyqrglywgmc5n3kz4ubchfnxsbk3gz4x": {
   "python": {
    "version": "2.7.16",
    "arch": {
     "platform": "linux",
     "platform_os": "centos7",
     "target": {
      "name": "haswell",
      "vendor": "GenuineIntel",
      "features": [
       "aes",
       "avx",
       "avx2",
       "bmi1",
       "bmi2",
       "f16c",
       "fma",
       "mmx",
       "movbe",
       "pclmulqdq",
       "popcnt",
       "rdrand",
       "sse",
       "sse2",
       "sse4_1",
       "sse4_2",
       "ssse3"
      ],
      "generation": 0,
      "parents": [
       "ivybridge"
      ]
     }
    },
    "compiler": {
     "name": "gcc",
     "version": "4.8.5"
    },
    "namespace": "builtin",
    "parameters": {
     "bz2": true,
     "ctypes": true,
     "dbm": true,
     "debug": false,
     "lzma": true,
     "nis": false,
     "optimizations": false,
     "pic": true,
     "pyexpat": true,
     "pythoncmd": true,
     "readline": true,
     "shared": true,
     "sqlite3": true,
     "ssl": true,
     "tix": false,
     "tkinter": false,
     "ucs4": false,
     "uuid": false,
     "zlib": true,
     "cflags": [],
     "cppflags": [],
     "cxxflags": [],
     "fflags": [],
     "ldflags": [],
     "ldlibs": []
    },
    "dependencies": {
     "bzip2": {
      "hash": "jzpf35bqftzbn3yhljwe4m54siflwihb",
      "type": [
       "build",
       "link"
      ]
     },
     "expat": {
      "hash": "kbptkkmpipuohhzg5iqexa4eov2cpcav",
      "type": [
       "build",
       "link"
      ]
     },
     "gdbm": {
      "hash": "bc3xvqcxecxp2wql6dyyf5kl5553ohdk",
      "type": [
       "build",
       "link"
      ]
     },
     "gettext": {
      "hash": "osez3s4drg564cfws7mueblvgtmg6n3n",
      "type": [
       "build",
       "link"
      ]
     },
     "libffi": {
      "hash": "txuurdl3vlhjgjud7ug7hxhhyejyaw57",
      "type": [
       "build",
       "link"
      ]
     },
     "ncurses": {
      "hash": "g2bwjxi2jksusg7gzhjaxkzd4mnhu4wq",
      "type": [
       "build",
       "link"
      ]
     },
     "openssl": {
      "hash": "dav4ikajd7rnlsyosk2wileqgcpsced4",
      "type": [
       "build",
       "link"
      ]
     },
     "pkgconf": {
      "hash": "ci3lhnxwcondujc2kjgk3rvea7a6qanw",
      "type": [
       "build"
      ]
     },
     "readline": {
      "hash": "qv5gw6fcd7qbpdzpirvoarbxmusog36a",
      "type": [
       "build",
       "link"
      ]
     },
     "sqlite": {
      "hash": "7ny5l733youhsm43uithdghucohppn46",
      "type": [
       "build",
       "link"
      ]
     },
     "zlib": {
      "hash": "pkmj6e72vggig3epxjcwxgzmxncaqnmp",
      "type": [
       "build",
       "link"
      ]
     }
    },
    "hash": "fpbkdwv4vhepw6yscajf5k7qvf5hbnzy"
   }
  },
  "lwgmb5tpbe3qu5o427l2sysa6kffcz4w": {
   "xz": {
    "version": "5.2.4",
    "arch": {
     "platform": "linux",
     "platform_os": "centos7",
     "target": {
      "name": "haswell",
      "vendor": "GenuineIntel",
      "features": [
       "aes",
       "avx",
       "avx2",
       "bmi1",
       "bmi2",
       "f16c",
       "fma",
       "mmx",
       "movbe",
       "pclmulqdq",
       "popcnt",
       "rdrand",
       "sse",
       "sse2",
       "sse4_1",
       "sse4_2",
       "ssse3"
      ],
      "generation": 0,
      "parents": [
       "ivybridge"
      ]
     }
    },
    "compiler": {
     "name": "gcc",
     "version": "4.8.5"
    },
    "namespace": "builtin",
    "parameters": {
     "cflags": [],
     "cppflags": [],
     "cxxflags": [],
     "fflags": [],
     "ldflags": [],
     "ldlibs": []
    },
    "hash": "lwgmb5tpbe3qu5o427l2sysa6kffcz4w"
   }
  },
  "zxbcu6fxuyy2l4rirj45nq36jcska6pg": {
   "py-virtualenv": {
    "version": "16.7.6",
    "arch": {
     "platform": "linux",
     "platform_os": "centos7",
     "target": {
      "name": "haswell",
      "vendor": "GenuineIntel",
      "features": [
       "aes",
       "avx",
       "avx2",
       "bmi1",
       "bmi2",
       "f16c",
       "fma",
       "mmx",
       "movbe",
       "pclmulqdq",
       "popcnt",
       "rdrand",
       "sse",
       "sse2",
       "sse4_1",
       "sse4_2",
       "ssse3"
      ],
      "generation": 0,
      "parents": [
       "ivybridge"
      ]
     }
    },
    "compiler": {
     "name": "gcc",
     "version": "4.8.5"
    },
    "namespace": "builtin",
    "parameters": {
     "cflags": [],
     "cppflags": [],
     "cxxflags": [],
     "fflags": [],
     "ldflags": [],
     "ldlibs": []
    },
    "dependencies": {
     "py-setuptools": {
      "hash": "brukf5c6bewgdm6xfoh24uwoz6ccyqa4",
      "type": [
       "build",
       "run"
      ]
     },
     "python": {
      "hash": "xxhr2r42hmgqnxlluaws34riz6vewunc",
      "type": [
       "build",
       "link",
       "run"
      ]
     }
    },
    "hash": "y6jeuq555enbh4uge74ojs5mfzipaoq4"
   }
  },
  "txuurdl3vlhjgjud7ug7hxhhyejyaw57": {
   "libffi": {
    "version": "3.2.1",
    "arch": {
     "platform": "linux",
     "platform_os": "centos7",
     "target": {
      "name": "haswell",
      "vendor": "GenuineIntel",
      "features": [
       "aes",
       "avx",
       "avx2",
       "bmi1",
       "bmi2",
       "f16c",
       "fma",
       "mmx",
       "movbe",
       "pclmulqdq",
       "popcnt",
       "rdrand",
       "sse",
       "sse2",
       "sse4_1",
       "sse4_2",
       "ssse3"
      ],
      "generation": 0,
      "parents": [
       "ivybridge"
      ]
     }
    },
    "compiler": {
     "name": "gcc",
     "version": "4.8.5"
    },
    "namespace": "builtin",
    "parameters": {
     "cflags": [],
     "cppflags": [],
     "cxxflags": [],
     "fflags": [],
     "ldflags": [],
     "ldlibs": []
    },
    "hash": "txuurdl3vlhjgjud7ug7hxhhyejyaw57"
   }
  },
  "nyjmvra6f4dtylg762zbv7ubbh4ioy7w": {
   "py-pip": {
    "version": "19.3",
    "arch": {
     "platform": "linux",
     "platform_os": "centos7",
     "target": {
      "name": "haswell",
      "vendor": "GenuineIntel",
      "features": [
       "aes",
       "avx",
       "avx2",
       "bmi1",
       "bmi2",
       "f16c",
       "fma",
       "mmx",
       "movbe",
       "pclmulqdq",
       "popcnt",
       "rdrand",
       "sse",
       "sse2",
       "sse4_1",
       "sse4_2",
       "ssse3"
      ],
      "generation": 0,
      "parents": [
       "ivybridge"
      ]
     }
    },
    "compiler": {
     "name": "gcc",
     "version": "4.8.5"
    },
    "namespace": "builtin",
    "parameters": {
     "cflags": [],
     "cppflags": [],
     "cxxflags": [],
     "fflags": [],
     "ldflags": [],
     "ldlibs": []
    },
    "dependencies": {
     "py-setuptools": {
      "hash": "w2lfa7dtd4sh6j2qxqdvozuez2v5cttn",
      "type": [
       "build",
       "run"
      ]
     },
     "python": {
      "hash": "iyqrglywgmc5n3kz4ubchfnxsbk3gz4x",
      "type": [
       "build",
       "link",
       "run"
      ]
     }
    },
    "hash": "64vi4eneanpfod2xgurvdyqbvapz3ae7"
   }
  },
  "zdpj4mixa3q7p2b3zgojligmsnnw54ne": {
   "libbsd": {
    "version": "0.10.0",
    "arch": {
     "platform": "linux",
     "platform_os": "centos7",
     "target": {
      "name": "haswell",
      "vendor": "GenuineIntel",
      "features": [
       "aes",
       "avx",
       "avx2",
       "bmi1",
       "bmi2",
       "f16c",
       "fma",
       "mmx",
       "movbe",
       "pclmulqdq",
       "popcnt",
       "rdrand",
       "sse",
       "sse2",
       "sse4_1",
       "sse4_2",
       "ssse3"
      ],
      "generation": 0,
      "parents": [
       "ivybridge"
      ]
     }
    },
    "compiler": {
     "name": "gcc",
     "version": "4.8.5"
    },
    "namespace": "builtin",
    "parameters": {
     "cflags": [],
     "cppflags": [],
     "cxxflags": [],
     "fflags": [],
     "ldflags": [],
     "ldlibs": []
    },
    "hash": "zdpj4mixa3q7p2b3zgojligmsnnw54ne"
   }
  },
  "pkmj6e72vggig3epxjcwxgzmxncaqnmp": {
   "zlib": {
    "version": "1.2.11",
    "arch": {
     "platform": "linux",
     "platform_os": "centos7",
     "target": {
      "name": "haswell",
      "vendor": "GenuineIntel",
      "features": [
       "aes",
       "avx",
       "avx2",
       "bmi1",
       "bmi2",
       "f16c",
       "fma",
       "mmx",
       "movbe",
       "pclmulqdq",
       "popcnt",
       "rdrand",
       "sse",
       "sse2",
       "sse4_1",
       "sse4_2",
       "ssse3"
      ],
      "generation": 0,
      "parents": [
       "ivybridge"
      ]
     }
    },
    "compiler": {
     "name": "gcc",
     "version": "4.8.5"
    },
    "namespace": "builtin",
    "parameters": {
     "optimize": true,
     "pic": true,
     "shared": true,
     "cflags": [],
     "cppflags": [],
     "cxxflags": [],
     "fflags": [],
     "ldflags": [],
     "ldlibs": []
    },
    "hash": "pkmj6e72vggig3epxjcwxgzmxncaqnmp"
   }
  },
  "qv5gw6fcd7qbpdzpirvoarbxmusog36a": {
   "readline": {
    "version": "8.0",
    "arch": {
     "platform": "linux",
     "platform_os": "centos7",
     "target": {
      "name": "haswell",
      "vendor": "GenuineIntel",
      "features": [
       "aes",
       "avx",
       "avx2",
       "bmi1",
       "bmi2",
       "f16c",
       "fma",
       "mmx",
       "movbe",
       "pclmulqdq",
       "popcnt",
       "rdrand",
       "sse",
       "sse2",
       "sse4_1",
       "sse4_2",
       "ssse3"
      ],
      "generation": 0,
      "parents": [
       "ivybridge"
      ]
     }
    },
    "compiler": {
     "name": "gcc",
     "version": "4.8.5"
    },
    "namespace": "builtin",
    "parameters": {
     "cflags": [],
     "cppflags": [],
     "cxxflags": [],
     "fflags": [],
     "ldflags": [],
     "ldlibs": []
    },
    "dependencies": {
     "ncurses": {
      "hash": "g2bwjxi2jksusg7gzhjaxkzd4mnhu4wq",
      "type": [
       "build",
       "link"
      ]
     }
    },
    "hash": "3sg7t2w4azkekrjjtpehoelmwplpeanc"
   }
  },
  "bc3xvqcxecxp2wql6dyyf5kl5553ohdk": {
   "gdbm": {
    "version": "1.18.1",
    "arch": {
     "platform": "linux",
     "platform_os": "centos7",
     "target": {
      "name": "haswell",
      "vendor": "GenuineIntel",
      "features": [
       "aes",
       "avx",
       "avx2",
       "bmi1",
       "bmi2",
       "f16c",
       "fma",
       "mmx",
       "movbe",
       "pclmulqdq",
       "popcnt",
       "rdrand",
       "sse",
       "sse2",
       "sse4_1",
       "sse4_2",
       "ssse3"
      ],
      "generation": 0,
      "parents": [
       "ivybridge"
      ]
     }
    },
    "compiler": {
     "name": "gcc",
     "version": "4.8.5"
    },
    "namespace": "builtin",
    "parameters": {
     "cflags": [],
     "cppflags": [],
     "cxxflags": [],
     "fflags": [],
     "ldflags": [],
     "ldlibs": []
    },
    "dependencies": {
     "readline": {
      "hash": "qv5gw6fcd7qbpdzpirvoarbxmusog36a",
      "type": [
       "build",
       "link"
      ]
     }
    },
    "hash": "ts26f2lnjddpthb4gcjayhcya7yxhpes"
   }
  },
  "cuxvhfklhvn7lttmnq5mbrq2h3voj3u2": {
   "py-cython": {
    "version": "0.29.14",
    "arch": {
     "platform": "linux",
     "platform_os": "centos7",
     "target": {
      "name": "haswell",
      "vendor": "GenuineIntel",
      "features": [
       "aes",
       "avx",
       "avx2",
       "bmi1",
       "bmi2",
       "f16c",
       "fma",
       "mmx",
       "movbe",
       "pclmulqdq",
       "popcnt",
       "rdrand",
       "sse",
       "sse2",
       "sse4_1",
       "sse4_2",
       "ssse3"
      ],
      "generation": 0,
      "parents": [
       "ivybridge"
      ]
     }
    },
    "compiler": {
     "name": "gcc",
     "version": "4.8.5"
    },
    "namespace": "builtin",
    "parameters": {
     "cflags": [],
     "cppflags": [],
     "cxxflags": [],
     "fflags": [],
     "ldflags": [],
     "ldlibs": []
    },
    "dependencies": {
     "py-setuptools": {
      "hash": "brukf5c6bewgdm6xfoh24uwoz6ccyqa4",
      "type": [
       "build"
      ]
     },
     "python": {
      "hash": "xxhr2r42hmgqnxlluaws34riz6vewunc",
      "type": [
       "build",
       "link",
       "run"
      ]
     }
    },
    "hash": "p2mbt2dnglhd3uqcyq2bhnbj46wn6dbu"
   }
  },
  "srsuai2u2wdhx5bnl3g5ubkpvoghl34l": {
   "py-virtualenv": {
    "version": "16.7.6",
    "arch": {
     "platform": "linux",
     "platform_os": "centos7",
     "target": {
      "name": "haswell",
      "vendor": "GenuineIntel",
      "features": [
       "aes",
       "avx",
       "avx2",
       "bmi1",
       "bmi2",
       "f16c",
       "fma",
       "mmx",
       "movbe",
       "pclmulqdq",
       "popcnt",
       "rdrand",
       "sse",
       "sse2",
       "sse4_1",
       "sse4_2",
       "ssse3"
      ],
      "generation": 0,
      "parents": [
       "ivybridge"
      ]
     }
    },
    "compiler": {
     "name": "gcc",
     "version": "4.8.5"
    },
    "namespace": "builtin",
    "parameters": {
     "cflags": [],
     "cppflags": [],
     "cxxflags": [],
     "fflags": [],
     "ldflags": [],
     "ldlibs": []
    },
    "dependencies": {
     "py-setuptools": {
      "hash": "w2lfa7dtd4sh6j2qxqdvozuez2v5cttn",
      "type": [
       "build",
       "run"
      ]
     },
     "python": {
      "hash": "iyqrglywgmc5n3kz4ubchfnxsbk3gz4x",
      "type": [
       "build",
       "link",
       "run"
      ]
     }
    },
    "hash": "3xit47cxwdjcusd33nsg3rxkqvh67lk5"
   }
  },
  "w2lfa7dtd4sh6j2qxqdvozuez2v5cttn": {
   "py-setuptools": {
    "version": "41.4.0",
    "arch": {
     "platform": "linux",
     "platform_os": "centos7",
     "target": {
      "name": "haswell",
      "vendor": "GenuineIntel",
      "features": [
       "aes",
       "avx",
       "avx2",
       "bmi1",
       "bmi2",
       "f16c",
       "fma",
       "mmx",
       "movbe",
       "pclmulqdq",
       "popcnt",
       "rdrand",
       "sse",
       "sse2",
       "sse4_1",
       "sse4_2",
       "ssse3"
      ],
      "generation": 0,
      "parents": [
       "ivybridge"
      ]
     }
    },
    "compiler": {
     "name": "gcc",
     "version": "4.8.5"
    },
    "namespace": "builtin",
    "parameters": {
     "cflags": [],
     "cppflags": [],
     "cxxflags": [],
     "fflags": [],
     "ldflags": [],
     "ldlibs": []
    },
    "dependencies": {
     "python": {
      "hash": "iyqrglywgmc5n3kz4ubchfnxsbk3gz4x",
      "type": [
       "build",
       "link",
       "run"
      ]
     }
    },
    "hash": "2tmlweyf4t6eiknfm7an3v6oalnobgy6"
   }
  },
  "v3iynan2575fichxxpjh4aqvs7pkle5c": {
   "tar": {
    "version": "1.32",
    "arch": {
     "platform": "linux",
     "platform_os": "centos7",
     "target": {
      "name": "haswell",
      "vendor": "GenuineIntel",
      "features": [
       "aes",
       "avx",
       "avx2",
       "bmi1",
       "bmi2",
       "f16c",
       "fma",
       "mmx",
       "movbe",
       "pclmulqdq",
       "popcnt",
       "rdrand",
       "sse",
       "sse2",
       "sse4_1",
       "sse4_2",
       "ssse3"
      ],
      "generation": 0,
      "parents": [
       "ivybridge"
      ]
     }
    },
    "compiler": {
     "name": "gcc",
     "version": "4.8.5"
    },
    "namespace": "builtin",
    "parameters": {
     "cflags": [],
     "cppflags": [],
     "cxxflags": [],
     "fflags": [],
     "ldflags": [],
     "ldlibs": []
    },
    "dependencies": {
     "libiconv": {
      "hash": "qazxaa4lnd2ukd44fjzdhayyxvcg3wyu",
      "type": [
       "build",
       "link"
      ]
     }
    },
    "hash": "v3iynan2575fichxxpjh4aqvs7pkle5c"
   }
  },
  "x4y2bxesrutci4mjrt33txvlk32qhqbt": {
   "py-pycparser": {
    "version": "2.19",
    "arch": {
     "platform": "linux",
     "platform_os": "centos7",
     "target": {
      "name": "haswell",
      "vendor": "GenuineIntel",
      "features": [
       "aes",
       "avx",
       "avx2",
       "bmi1",
       "bmi2",
       "f16c",
       "fma",
       "mmx",
       "movbe",
       "pclmulqdq",
       "popcnt",
       "rdrand",
       "sse",
       "sse2",
       "sse4_1",
       "sse4_2",
       "ssse3"
      ],
      "generation": 0,
      "parents": [
       "ivybridge"
      ]
     }
    },
    "compiler": {
     "name": "gcc",
     "version": "4.8.5"
    },
    "namespace": "builtin",
    "parameters": {
     "cflags": [],
     "cppflags": [],
     "cxxflags": [],
     "fflags": [],
     "ldflags": [],
     "ldlibs": []
    },
    "dependencies": {
     "py-setuptools": {
      "hash": "w2lfa7dtd4sh6j2qxqdvozuez2v5cttn",
      "type": [
       "build"
      ]
     },
     "python": {
      "hash": "iyqrglywgmc5n3kz4ubchfnxsbk3gz4x",
      "type": [
       "build",
       "link",
       "run"
      ]
     }
    },
    "hash": "qmccbaypd3zxlo3nmrrmwcjayuue5w5r"
   }
  },
  "ci3lhnxwcondujc2kjgk3rvea7a6qanw": {
   "pkgconf": {
    "version": "1.6.1",
    "arch": {
     "platform": "linux",
     "platform_os": "centos7",
     "target": {
      "name": "haswell",
      "vendor": "GenuineIntel",
      "features": [
       "aes",
       "avx",
       "avx2",
       "bmi1",
       "bmi2",
       "f16c",
       "fma",
       "mmx",
       "movbe",
       "pclmulqdq",
       "popcnt",
       "rdrand",
       "sse",
       "sse2",
       "sse4_1",
       "sse4_2",
       "ssse3"
      ],
      "generation": 0,
      "parents": [
       "ivybridge"
      ]
     }
    },
    "compiler": {
     "name": "gcc",
     "version": "4.8.5"
    },
    "namespace": "builtin",
    "parameters": {
     "cflags": [],
     "cppflags": [],
     "cxxflags": [],
     "fflags": [],
     "ldflags": [],
     "ldlibs": []
    },
    "hash": "ci3lhnxwcondujc2kjgk3rvea7a6qanw"
   }
  },
  "osez3s4drg564cfws7mueblvgtmg6n3n": {
   "gettext": {
    "version": "0.20.1",
    "arch": {
     "platform": "linux",
     "platform_os": "centos7",
     "target": {
      "name": "haswell",
      "vendor": "GenuineIntel",
      "features": [
       "aes",
       "avx",
       "avx2",
       "bmi1",
       "bmi2",
       "f16c",
       "fma",
       "mmx",
       "movbe",
       "pclmulqdq",
       "popcnt",
       "rdrand",
       "sse",
       "sse2",
       "sse4_1",
       "sse4_2",
       "ssse3"
      ],
      "generation": 0,
      "parents": [
       "ivybridge"
      ]
     }
    },
    "compiler": {
     "name": "gcc",
     "version": "4.8.5"
    },
    "namespace": "builtin",
    "parameters": {
     "bzip2": true,
     "curses": true,
     "git": true,
     "libunistring": false,
     "libxml2": true,
     "tar": true,
     "xz": true,
     "cflags": [],
     "cppflags": [],
     "cxxflags": [],
     "fflags": [],
     "ldflags": [],
     "ldlibs": []
    },
    "dependencies": {
     "bzip2": {
      "hash": "jzpf35bqftzbn3yhljwe4m54siflwihb",
      "type": [
       "build",
       "link"
      ]
     },
     "libxml2": {
      "hash": "aqmju5t5eq4v2rtt33jlqs5gxdwvfaj2",
      "type": [
       "build",
       "link"
      ]
     },
     "ncurses": {
      "hash": "g2bwjxi2jksusg7gzhjaxkzd4mnhu4wq",
      "type": [
       "build",
       "link"
      ]
     },
     "tar": {
      "hash": "v3iynan2575fichxxpjh4aqvs7pkle5c",
      "type": [
       "build",
       "link"
      ]
     },
     "xz": {
      "hash": "lwgmb5tpbe3qu5o427l2sysa6kffcz4w",
      "type": [
       "build",
       "link",
       "run"
      ]
     }
    },
    "hash": "5trbflxbs3zjweuc4wpzr35eekxanfon"
   }
  },
  "g2bwjxi2jksusg7gzhjaxkzd4mnhu4wq": {
   "ncurses": {
    "version": "6.1",
    "arch": {
     "platform": "linux",
     "platform_os": "centos7",
     "target": {
      "name": "haswell",
      "vendor": "GenuineIntel",
      "features": [
       "aes",
       "avx",
       "avx2",
       "bmi1",
       "bmi2",
       "f16c",
       "fma",
       "mmx",
       "movbe",
       "pclmulqdq",
       "popcnt",
       "rdrand",
       "sse",
       "sse2",
       "sse4_1",
       "sse4_2",
       "ssse3"
      ],
      "generation": 0,
      "parents": [
       "ivybridge"
      ]
     }
    },
    "compiler": {
     "name": "gcc",
     "version": "4.8.5"
    },
    "namespace": "builtin",
    "parameters": {
     "symlinks": false,
     "termlib": false,
     "cflags": [],
     "cppflags": [],
     "cxxflags": [],
     "fflags": [],
     "ldflags": [],
     "ldlibs": []
    },
    "dependencies": {
     "pkgconf": {
      "hash": "ci3lhnxwcondujc2kjgk3rvea7a6qanw",
      "type": [
       "build"
      ]
     }
    },
    "hash": "quxyulrhxn55p3kxb75u5ponk6ptgs4d"
   }
  },
  "7ny5l733youhsm43uithdghucohppn46": {
   "sqlite": {
    "version": "3.29.0",
    "arch": {
     "platform": "linux",
     "platform_os": "centos7",
     "target": {
      "name": "haswell",
      "vendor": "GenuineIntel",
      "features": [
       "aes",
       "avx",
       "avx2",
       "bmi1",
       "bmi2",
       "f16c",
       "fma",
       "mmx",
       "movbe",
       "pclmulqdq",
       "popcnt",
       "rdrand",
       "sse",
       "sse2",
       "sse4_1",
       "sse4_2",
       "ssse3"
      ],
      "generation": 0,
      "parents": [
       "ivybridge"
      ]
     }
    },
    "compiler": {
     "name": "gcc",
     "version": "4.8.5"
    },
    "namespace": "builtin",
    "parameters": {
     "column_metadata": false,
     "fts": true,
     "functions": false,
     "rtree": false,
     "cflags": [],
     "cppflags": [],
     "cxxflags": [],
     "fflags": [],
     "ldflags": [],
     "ldlibs": []
    },
    "dependencies": {
     "readline": {
      "hash": "qv5gw6fcd7qbpdzpirvoarbxmusog36a",
      "type": [
       "build",
       "link"
      ]
     },
     "zlib": {
      "hash": "pkmj6e72vggig3epxjcwxgzmxncaqnmp",
      "type": [
       "build",
       "link"
      ]
     }
    },
    "hash": "o3y7agmtxa7ahcrd6onyezf3tu6aan5j"
   }
  },
  "jknorwe54bgplxnyom6sgwnbkong3jww": {
   "diffutils": {
    "version": "3.7",
    "arch": {
     "platform": "linux",
     "platform_os": "centos7",
     "target": {
      "name": "haswell",
      "vendor": "GenuineIntel",
      "features": [
       "aes",
       "avx",
       "avx2",
       "bmi1",
       "bmi2",
       "f16c",
       "fma",
       "mmx",
       "movbe",
       "pclmulqdq",
       "popcnt",
       "rdrand",
       "sse",
       "sse2",
       "sse4_1",
       "sse4_2",
       "ssse3"
      ],
      "generation": 0,
      "parents": [
       "ivybridge"
      ]
     }
    },
    "compiler": {
     "name": "gcc",
     "version": "4.8.5"
    },
    "namespace": "builtin",
    "parameters": {
     "cflags": [],
     "cppflags": [],
     "cxxflags": [],
     "fflags": [],
     "ldflags": [],
     "ldlibs": []
    },
    "dependencies": {
     "libiconv": {
      "hash": "qazxaa4lnd2ukd44fjzdhayyxvcg3wyu",
      "type": [
       "build",
       "link"
      ]
     }
    },
    "hash": "jknorwe54bgplxnyom6sgwnbkong3jww"
   }
  },
  "jzpf35bqftzbn3yhljwe4m54siflwihb": {
   "bzip2": {
    "version": "1.0.8",
    "arch": {
     "platform": "linux",
     "platform_os": "centos7",
     "target": {
      "name": "haswell",
      "vendor": "GenuineIntel",
      "features": [
       "aes",
       "avx",
       "avx2",
       "bmi1",
       "bmi2",
       "f16c",
       "fma",
       "mmx",
       "movbe",
       "pclmulqdq",
       "popcnt",
       "rdrand",
       "sse",
       "sse2",
       "sse4_1",
       "sse4_2",
       "ssse3"
      ],
      "generation": 0,
      "parents": [
       "ivybridge"
      ]
     }
    },
    "compiler": {
     "name": "gcc",
     "version": "4.8.5"
    },
    "namespace": "builtin",
    "parameters": {
     "shared": true,
     "cflags": [],
     "cppflags": [],
     "cxxflags": [],
     "fflags": [],
     "ldflags": [],
     "ldlibs": []
    },
    "dependencies": {
     "diffutils": {
      "hash": "jknorwe54bgplxnyom6sgwnbkong3jww",
      "type": [
       "build"
      ]
     }
    },
    "hash": "ersrl36bb43nnkjwe4t4gdur5jnwlzye"
   }
  },
  "vbl4xw4rcivmu3ls4idk35ppotlwkxzo": {
   "py-cython": {
    "version": "0.29.14",
    "arch": {
     "platform": "linux",
     "platform_os": "centos7",
     "target": {
      "name": "haswell",
      "vendor": "GenuineIntel",
      "features": [
       "aes",
       "avx",
       "avx2",
       "bmi1",
       "bmi2",
       "f16c",
       "fma",
       "mmx",
       "movbe",
       "pclmulqdq",
       "popcnt",
       "rdrand",
       "sse",
       "sse2",
       "sse4_1",
       "sse4_2",
       "ssse3"
      ],
      "generation": 0,
      "parents": [
       "ivybridge"
      ]
     }
    },
    "compiler": {
     "name": "gcc",
     "version": "4.8.5"
    },
    "namespace": "builtin",
    "parameters": {
     "cflags": [],
     "cppflags": [],
     "cxxflags": [],
     "fflags": [],
     "ldflags": [],
     "ldlibs": []
    },
    "dependencies": {
     "py-setuptools": {
      "hash": "w2lfa7dtd4sh6j2qxqdvozuez2v5cttn",
      "type": [
       "build"
      ]
     },
     "python": {
      "hash": "iyqrglywgmc5n3kz4ubchfnxsbk3gz4x",
      "type": [
       "build",
       "link",
       "run"
      ]
     }
    },
    "hash": "pht4iow43mfabxp2gxbfgdxagz3hhgy6"
   }
  },
  "dav4ikajd7rnlsyosk2wileqgcpsced4": {
   "openssl": {
    "version": "1.0.2k",
    "arch": {
     "platform": "linux",
     "platform_os": "centos7",
     "target": {
      "name": "haswell",
      "vendor": "GenuineIntel",
      "features": [
       "aes",
       "avx",
       "avx2",
       "bmi1",
       "bmi2",
       "f16c",
       "fma",
       "mmx",
       "movbe",
       "pclmulqdq",
       "popcnt",
       "rdrand",
       "sse",
       "sse2",
       "sse4_1",
       "sse4_2",
       "ssse3"
      ],
      "generation": 0,
      "parents": [
       "ivybridge"
      ]
     }
    },
    "compiler": {
     "name": "gcc",
     "version": "4.8.5"
    },
    "namespace": "builtin",
    "parameters": {
     "systemcerts": true,
     "cflags": [],
     "cppflags": [],
     "cxxflags": [],
     "fflags": [],
     "ldflags": [],
     "ldlibs": []
    },
    "external": {
     "path": "/usr",
     "module": null
    },
    "hash": "dav4ikajd7rnlsyosk2wileqgcpsced4"
   }
  },
  "keloiq2dvvmgcm56wjddveryqtmeekmt": {
   "py-pip": {
    "version": "19.3",
    "arch": {
     "platform": "linux",
     "platform_os": "centos7",
     "target": {
      "name": "haswell",
      "vendor": "GenuineIntel",
      "features": [
       "aes",
       "avx",
       "avx2",
       "bmi1",
       "bmi2",
       "f16c",
       "fma",
       "mmx",
       "movbe",
       "pclmulqdq",
       "popcnt",
       "rdrand",
       "sse",
       "sse2",
       "sse4_1",
       "sse4_2",
       "ssse3"
      ],
      "generation": 0,
      "parents": [
       "ivybridge"
      ]
     }
    },
    "compiler": {
     "name": "gcc",
     "version": "4.8.5"
    },
    "namespace": "builtin",
    "parameters": {
     "cflags": [],
     "cppflags": [],
     "cxxflags": [],
     "fflags": [],
     "ldflags": [],
     "ldlibs": []
    },
    "dependencies": {
     "py-setuptools": {
      "hash": "brukf5c6bewgdm6xfoh24uwoz6ccyqa4",
      "type": [
       "build",
       "run"
      ]
     },
     "python": {
      "hash": "xxhr2r42hmgqnxlluaws34riz6vewunc",
      "type": [
       "build",
       "link",
       "run"
      ]
     }
    },
    "hash": "6ro3i2torqtky4zkfpn7qwjfvxaa6vbt"
   }
  },
  "xxhr2r42hmgqnxlluaws34riz6vewunc": {
   "python": {
    "version": "3.7.4",
    "arch": {
     "platform": "linux",
     "platform_os": "centos7",
     "target": {
      "name": "haswell",
      "vendor": "GenuineIntel",
      "features": [
       "aes",
       "avx",
       "avx2",
       "bmi1",
       "bmi2",
       "f16c",
       "fma",
       "mmx",
       "movbe",
       "pclmulqdq",
       "popcnt",
       "rdrand",
       "sse",
       "sse2",
       "sse4_1",
       "sse4_2",
       "ssse3"
      ],
      "generation": 0,
      "parents": [
       "ivybridge"
      ]
     }
    },
    "compiler": {
     "name": "gcc",
     "version": "4.8.5"
    },
    "namespace": "builtin",
    "parameters": {
     "bz2": true,
     "ctypes": true,
     "dbm": true,
     "debug": false,
     "lzma": true,
     "nis": false,
     "optimizations": false,
     "pic": true,
     "pyexpat": true,
     "pythoncmd": true,
     "readline": true,
     "shared": true,
     "sqlite3": true,
     "ssl": true,
     "tix": false,
     "tkinter": false,
     "ucs4": false,
     "uuid": false,
     "zlib": true,
     "cflags": [],
     "cppflags": [],
     "cxxflags": [],
     "fflags": [],
     "ldflags": [],
     "ldlibs": []
    },
    "dependencies": {
     "bzip2": {
      "hash": "jzpf35bqftzbn3yhljwe4m54siflwihb",
      "type": [
       "build",
       "link"
      ]
     },
     "expat": {
      "hash": "kbptkkmpipuohhzg5iqexa4eov2cpcav",
      "type": [
       "build",
       "link"
      ]
     },
     "gdbm": {
      "hash": "bc3xvqcxecxp2wql6dyyf5kl5553ohdk",
      "type": [
       "build",
       "link"
      ]
     },
     "gettext": {
      "hash": "osez3s4drg564cfws7mueblvgtmg6n3n",
      "type": [
       "build",
       "link"
      ]
     },
     "libffi": {
      "hash": "txuurdl3vlhjgjud7ug7hxhhyejyaw57",
      "type": [
       "build",
       "link"
      ]
     },
     "ncurses": {
      "hash": "g2bwjxi2jksusg7gzhjaxkzd4mnhu4wq",
      "type": [
       "build",
       "link"
      ]
     },
     "openssl": {
      "hash": "dav4ikajd7rnlsyosk2wileqgcpsced4",
      "type": [
       "build",
       "link"
      ]
     },
     "pkgconf": {
      "hash": "ci3lhnxwcondujc2kjgk3rvea7a6qanw",
      "type": [
       "build"
      ]
     },
     "readline": {
      "hash": "qv5gw6fcd7qbpdzpirvoarbxmusog36a",
      "type": [
       "build",
       "link"
      ]
     },
     "sqlite": {
      "hash": "7ny5l733youhsm43uithdghucohppn46",
      "type": [
       "build",
       "link"
      ]
     },
     "xz": {
      "hash": "lwgmb5tpbe3qu5o427l2sysa6kffcz4w",
      "type": [
       "build",
       "link"
      ]
     },
     "zlib": {
      "hash": "pkmj6e72vggig3epxjcwxgzmxncaqnmp",
      "type": [
       "build",
       "link"
      ]
     }
    },
    "hash": "had6kpwhaj3k6eq265ebu7yiuh3z5zc5"
   }
  },
  "qazxaa4lnd2ukd44fjzdhayyxvcg3wyu": {
   "libiconv": {
    "version": "1.16",
    "arch": {
     "platform": "linux",
     "platform_os": "centos7",
     "target": {
      "name": "haswell",
      "vendor": "GenuineIntel",
      "features": [
       "aes",
       "avx",
       "avx2",
       "bmi1",
       "bmi2",
       "f16c",
       "fma",
       "mmx",
       "movbe",
       "pclmulqdq",
       "popcnt",
       "rdrand",
       "sse",
       "sse2",
       "sse4_1",
       "sse4_2",
       "ssse3"
      ],
      "generation": 0,
      "parents": [
       "ivybridge"
      ]
     }
    },
    "compiler": {
     "name": "gcc",
     "version": "4.8.5"
    },
    "namespace": "builtin",
    "parameters": {
     "cflags": [],
     "cppflags": [],
     "cxxflags": [],
     "fflags": [],
     "ldflags": [],
     "ldlibs": []
    },
    "hash": "qazxaa4lnd2ukd44fjzdhayyxvcg3wyu"
   }
  },
  "brukf5c6bewgdm6xfoh24uwoz6ccyqa4": {
   "py-setuptools": {
    "version": "41.4.0",
    "arch": {
     "platform": "linux",
     "platform_os": "centos7",
     "target": {
      "name": "haswell",
      "vendor": "GenuineIntel",
      "features": [
       "aes",
       "avx",
       "avx2",
       "bmi1",
       "bmi2",
       "f16c",
       "fma",
       "mmx",
       "movbe",
       "pclmulqdq",
       "popcnt",
       "rdrand",
       "sse",
       "sse2",
       "sse4_1",
       "sse4_2",
       "ssse3"
      ],
      "generation": 0,
      "parents": [
       "ivybridge"
      ]
     }
    },
    "compiler": {
     "name": "gcc",
     "version": "4.8.5"
    },
    "namespace": "builtin",
    "parameters": {
     "cflags": [],
     "cppflags": [],
     "cxxflags": [],
     "fflags": [],
     "ldflags": [],
     "ldlibs": []
    },
    "dependencies": {
     "python": {
      "hash": "xxhr2r42hmgqnxlluaws34riz6vewunc",
      "type": [
       "build",
       "link",
       "run"
      ]
     }
    },
    "hash": "5wu3cacjmk65wlmndqrt3m7t622apb62"
   }
  },
  "nvqjofkhii5over2auphtdam7mneqq5n": {
   "py-pycparser": {
    "version": "2.19",
    "arch": {
     "platform": "linux",
     "platform_os": "centos7",
     "target": {
      "name": "haswell",
      "vendor": "GenuineIntel",
      "features": [
       "aes",
       "avx",
       "avx2",
       "bmi1",
       "bmi2",
       "f16c",
       "fma",
       "mmx",
       "movbe",
       "pclmulqdq",
       "popcnt",
       "rdrand",
       "sse",
       "sse2",
       "sse4_1",
       "sse4_2",
       "ssse3"
      ],
      "generation": 0,
      "parents": [
       "ivybridge"
      ]
     }
    },
    "compiler": {
     "name": "gcc",
     "version": "4.8.5"
    },
    "namespace": "builtin",
    "parameters": {
     "cflags": [],
     "cppflags": [],
     "cxxflags": [],
     "fflags": [],
     "ldflags": [],
     "ldlibs": []
    },
    "dependencies": {
     "py-setuptools": {
      "hash": "brukf5c6bewgdm6xfoh24uwoz6ccyqa4",
      "type": [
       "build"
      ]
     },
     "python": {
      "hash": "xxhr2r42hmgqnxlluaws34riz6vewunc",
      "type": [
       "build",
       "link",
       "run"
      ]
     }
    },
    "hash": "jjpdicxlah74k2fcezqwutno7dzvspmj"
   }
  }
 },
 "_meta": {
  "lockfile-version": 2,
  "file-type": "spack-lockfile"
 },
 "roots": [
  {
   "hash": "nyjmvra6f4dtylg762zbv7ubbh4ioy7w",
   "spec": "py-pip%gcc@4.8.5 ^python@2.7.16"
  },
  {
   "hash": "keloiq2dvvmgcm56wjddveryqtmeekmt",
   "spec": "py-pip%gcc@4.8.5 ^python@3.7.4"
  },
  {
   "hash": "srsuai2u2wdhx5bnl3g5ubkpvoghl34l",
   "spec": "py-virtualenv%gcc@4.8.5 ^python@2.7.16"
  },
  {
   "hash": "zxbcu6fxuyy2l4rirj45nq36jcska6pg",
   "spec": "py-virtualenv%gcc@4.8.5 ^python@3.7.4"
  },
  {
   "hash": "w2lfa7dtd4sh6j2qxqdvozuez2v5cttn",
   "spec": "py-setuptools%gcc@4.8.5 ^python@2.7.16"
  },
  {
   "hash": "brukf5c6bewgdm6xfoh24uwoz6ccyqa4",
   "spec": "py-setuptools%gcc@4.8.5 ^python@3.7.4"
  },
  {
   "hash": "vbl4xw4rcivmu3ls4idk35ppotlwkxzo",
   "spec": "py-cython%gcc@4.8.5 ^python@2.7.16"
  },
  {
   "hash": "cuxvhfklhvn7lttmnq5mbrq2h3voj3u2",
   "spec": "py-cython%gcc@4.8.5 ^python@3.7.4"
  },
  {
   "hash": "x4y2bxesrutci4mjrt33txvlk32qhqbt",
   "spec": "py-pycparser%gcc@4.8.5 ^python@2.7.16"
  },
  {
   "hash": "nvqjofkhii5over2auphtdam7mneqq5n",
   "spec": "py-pycparser%gcc@4.8.5 ^python@3.7.4"
  }
 ]
}