{
 "concrete_specs": {
  "aqmju5t5eq4v2rtt33jlqs5gxdwvfaj2": {
   "libxml2": {
    "version": "2.9.9",
    "arch": {
     "platform": "linux",
     "platform_os": "centos7",
     "target": {
      "name": "haswell",
      "vendor": "GenuineIntel",
      "features": [
       "aes",
       "avx",
       "avx2",
       "bmi1",
       "bmi2",
       "f16c",
       "fma",
       "mmx",
       "movbe",
       "pclmulqdq",
       "popcnt",
       "rdrand",
       "sse",
       "sse2",
       "sse4_1",
       "sse4_2",
       "ssse3"
      ],
      "generation": 0,
      "parents": [
       "ivybridge"
      ]
     }
    },
    "compiler": {
     "name": "gcc",
     "version": "4.8.5"
    },
    "namespace": "builtin",
    "parameters": {
     "python": false,
     "cflags": [],
     "cppflags": [],
     "cxxflags": [],
     "fflags": [],
     "ldflags": [],
     "ldlibs": []
    },
    "dependencies": {
     "libiconv": {
      "hash": "qazxaa4lnd2ukd44fjzdhayyxvcg3wyu",
      "type": [
       "build",
       "link"
      ]
     },
     "pkgconf": {
      "hash": "ci3lhnxwcondujc2kjgk3rvea7a6qanw",
      "type": [
       "build"
      ]
     },
     "xz": {
      "hash": "lwgmb5tpbe3qu5o427l2sysa6kffcz4w",
      "type": [
       "build",
       "link"
      ]
     },
     "zlib": {
      "hash": "pkmj6e72vggig3epxjcwxgzmxncaqnmp",
      "type": [
       "build",
       "link"
      ]
     }
    },
    "hash": "52ybz3pj2g4niacjk33renmlasn6du7l"
   }
  },
  "kbptkkmpipuohhzg5iqexa4eov2cpcav": {
   "expat": {
    "version": "2.2.9",
    "arch": {
     "platform": "linux",
     "platform_os": "centos7",
     "target": {
      "name": "haswell",
      "vendor": "GenuineIntel",
      "features": [
       "aes",
       "avx",
       "avx2",
       "bmi1",
       "bmi2",
       "f16c",
       "fma",
       "mmx",
       "movbe",
       "pclmulqdq",
       "popcnt",
       "rdrand",
       "sse",
       "sse2",
       "sse4_1",
       "sse4_2",
       "ssse3"
      ],
      "generation": 0,
      "parents": [
       "ivybridge"
      ]
     }
    },
    "compiler": {
     "name": "gcc",
     "version": "4.8.5"
    },
    "namespace": "builtin",
    "parameters": {
     "libbsd": true,
     "cflags": [],
     "cppflags": [],
     "cxxflags": [],
     "fflags": [],
     "ldflags": [],
     "ldlibs": []
    },
    "dependencies": {
     "libbsd": {
      "hash": "zdpj4mixa3q7p2b3zgojligmsnnw54ne",
      "type": [
       "build",
       "link"
      ]
     }
    },
    "hash": "kbptkkmpipuohhzg5iqexa4eov2cpcav"
   }
  },
  "lwgmb5tpbe3qu5o427l2sysa6kffcz4w": {
   "xz": {
    "version": "5.2.4",
    "arch": {
     "platform": "linux",
     "platform_os": "centos7",
     "target": {
      "name": "haswell",
      "vendor": "GenuineIntel",
      "features": [
       "aes",
       "avx",
       "avx2",
       "bmi1",
       "bmi2",
       "f16c",
       "fma",
       "mmx",
       "movbe",
       "pclmulqdq",
       "popcnt",
       "rdrand",
       "sse",
       "sse2",
       "sse4_1",
       "sse4_2",
       "ssse3"
      ],
      "generation": 0,
      "parents": [
       "ivybridge"
      ]
     }
    },
    "compiler": {
     "name": "gcc",
     "version": "4.8.5"
    },
    "namespace": "builtin",
    "parameters": {
     "cflags": [],
     "cppflags": [],
     "cxxflags": [],
     "fflags": [],
     "ldflags": [],
     "ldlibs": []
    },
    "hash": "lwgmb5tpbe3qu5o427l2sysa6kffcz4w"
   }
  },
  "o5rvbr7ye7vq2vttbdecqmyvuenxljyl": {
   "libtool": {
    "version": "2.4.6",
    "arch": {
     "platform": "linux",
     "platform_os": "centos7",
     "target": {
      "name": "haswell",
      "vendor": "GenuineIntel",
      "features": [
       "aes",
       "avx",
       "avx2",
       "bmi1",
       "bmi2",
       "f16c",
       "fma",
       "mmx",
       "movbe",
       "pclmulqdq",
       "popcnt",
       "rdrand",
       "sse",
       "sse2",
       "sse4_1",
       "sse4_2",
       "ssse3"
      ],
      "generation": 0,
      "parents": [
       "ivybridge"
      ]
     }
    },
    "compiler": {
     "name": "gcc",
     "version": "4.8.5"
    },
    "namespace": "builtin",
    "parameters": {
     "cflags": [],
     "cppflags": [],
     "cxxflags": [],
     "fflags": [],
     "ldflags": [],
     "ldlibs": []
    },
    "dependencies": {
     "m4": {
      "hash": "7x2wh2thcpfjgeqxf4vhrqw3suxldfab",
      "type": [
       "build"
      ]
     }
    },
    "hash": "fzl2npjphl7uxgvt5k2bpegqsbmlj7pc"
   }
  },
  "zdpj4mixa3q7p2b3zgojligmsnnw54ne": {
   "libbsd": {
    "version": "0.10.0",
    "arch": {
     "platform": "linux",
     "platform_os": "centos7",
     "target": {
      "name": "haswell",
      "vendor": "GenuineIntel",
      "features": [
       "aes",
       "avx",
       "avx2",
       "bmi1",
       "bmi2",
       "f16c",
       "fma",
       "mmx",
       "movbe",
       "pclmulqdq",
       "popcnt",
       "rdrand",
       "sse",
       "sse2",
       "sse4_1",
       "sse4_2",
       "ssse3"
      ],
      "generation": 0,
      "parents": [
       "ivybridge"
      ]
     }
    },
    "compiler": {
     "name": "gcc",
     "version": "4.8.5"
    },
    "namespace": "builtin",
    "parameters": {
     "cflags": [],
     "cppflags": [],
     "cxxflags": [],
     "fflags": [],
     "ldflags": [],
     "ldlibs": []
    },
    "hash": "zdpj4mixa3q7p2b3zgojligmsnnw54ne"
   }
  },
  "pkmj6e72vggig3epxjcwxgzmxncaqnmp": {
   "zlib": {
    "version": "1.2.11",
    "arch": {
     "platform": "linux",
     "platform_os": "centos7",
     "target": {
      "name": "haswell",
      "vendor": "GenuineIntel",
      "features": [
       "aes",
       "avx",
       "avx2",
       "bmi1",
       "bmi2",
       "f16c",
       "fma",
       "mmx",
       "movbe",
       "pclmulqdq",
       "popcnt",
       "rdrand",
       "sse",
       "sse2",
       "sse4_1",
       "sse4_2",
       "ssse3"
      ],
      "generation": 0,
      "parents": [
       "ivybridge"
      ]
     }
    },
    "compiler": {
     "name": "gcc",
     "version": "4.8.5"
    },
    "namespace": "builtin",
    "parameters": {
     "optimize": true,
     "pic": true,
     "shared": true,
     "cflags": [],
     "cppflags": [],
     "cxxflags": [],
     "fflags": [],
     "ldflags": [],
     "ldlibs": []
    },
    "hash": "pkmj6e72vggig3epxjcwxgzmxncaqnmp"
   }
  },
  "qv5gw6fcd7qbpdzpirvoarbxmusog36a": {
   "readline": {
    "version": "8.0",
    "arch": {
     "platform": "linux",
     "platform_os": "centos7",
     "target": {
      "name": "haswell",
      "vendor": "GenuineIntel",
      "features": [
       "aes",
       "avx",
       "avx2",
       "bmi1",
       "bmi2",
       "f16c",
       "fma",
       "mmx",
       "movbe",
       "pclmulqdq",
       "popcnt",
       "rdrand",
       "sse",
       "sse2",
       "sse4_1",
       "sse4_2",
       "ssse3"
      ],
      "generation": 0,
      "parents": [
       "ivybridge"
      ]
     }
    },
    "compiler": {
     "name": "gcc",
     "version": "4.8.5"
    },
    "namespace": "builtin",
    "parameters": {
     "cflags": [],
     "cppflags": [],
     "cxxflags": [],
     "fflags": [],
     "ldflags": [],
     "ldlibs": []
    },
    "dependencies": {
     "ncurses": {
      "hash": "g2bwjxi2jksusg7gzhjaxkzd4mnhu4wq",
      "type": [
       "build",
       "link"
      ]
     }
    },
    "hash": "3sg7t2w4azkekrjjtpehoelmwplpeanc"
   }
  },
  "bc3xvqcxecxp2wql6dyyf5kl5553ohdk": {
   "gdbm": {
    "version": "1.18.1",
    "arch": {
     "platform": "linux",
     "platform_os": "centos7",
     "target": {
      "name": "haswell",
      "vendor": "GenuineIntel",
      "features": [
       "aes",
       "avx",
       "avx2",
       "bmi1",
       "bmi2",
       "f16c",
       "fma",
       "mmx",
       "movbe",
       "pclmulqdq",
       "popcnt",
       "rdrand",
       "sse",
       "sse2",
       "sse4_1",
       "sse4_2",
       "ssse3"
      ],
      "generation": 0,
      "parents": [
       "ivybridge"
      ]
     }
    },
    "compiler": {
     "name": "gcc",
     "version": "4.8.5"
    },
    "namespace": "builtin",
    "parameters": {
     "cflags": [],
     "cppflags": [],
     "cxxflags": [],
     "fflags": [],
     "ldflags": [],
     "ldlibs": []
    },
    "dependencies": {
     "readline": {
      "hash": "qv5gw6fcd7qbpdzpirvoarbxmusog36a",
      "type": [
       "build",
       "link"
      ]
     }
    },
    "hash": "ts26f2lnjddpthb4gcjayhcya7yxhpes"
   }
  },
  "tzimfy66advuwmt4uuswwugxqejombo3": {
   "go-bootstrap": {
    "version": "1.4-bootstrap-20171003",
    "arch": {
     "platform": "linux",
     "platform_os": "centos7",
     "target": {
      "name": "haswell",
      "vendor": "GenuineIntel",
      "features": [
       "aes",
       "avx",
       "avx2",
       "bmi1",
       "bmi2",
       "f16c",
       "fma",
       "mmx",
       "movbe",
       "pclmulqdq",
       "popcnt",
       "rdrand",
       "sse",
       "sse2",
       "sse4_1",
       "sse4_2",
       "ssse3"
      ],
      "generation": 0,
      "parents": [
       "ivybridge"
      ]
     }
    },
    "compiler": {
     "name": "gcc",
     "version": "4.8.5"
    },
    "namespace": "builtin",
    "parameters": {
     "cflags": [],
     "cppflags": [],
     "cxxflags": [],
     "fflags": [],
     "ldflags": [],
     "ldlibs": []
    },
    "dependencies": {
     "git": {
      "hash": "gwli7p5qz4qaj7fsanlvudeafhitg4sg",
      "type": [
       "build",
       "link",
       "run"
      ]
     }
    },
    "hash": "wn6tgyos2tbjbek3er35v25tgsiktom6"
   }
  },
  "fihrxoe23r5zy6t3es73hw7cnmomdk5a": {
   "perl": {
    "version": "5.26.2",
    "arch": {
     "platform": "linux",
     "platform_os": "centos7",
     "target": {
      "name": "haswell",
      "vendor": "GenuineIntel",
      "features": [
       "aes",
       "avx",
       "avx2",
       "bmi1",
       "bmi2",
       "f16c",
       "fma",
       "mmx",
       "movbe",
       "pclmulqdq",
       "popcnt",
       "rdrand",
       "sse",
       "sse2",
       "sse4_1",
       "sse4_2",
       "ssse3"
      ],
      "generation": 0,
      "parents": [
       "ivybridge"
      ]
     }
    },
    "compiler": {
     "name": "gcc",
     "version": "4.8.5"
    },
    "namespace": "builtin",
    "parameters": {
     "cpanm": true,
     "patches": [
      "0eac10ed90aeb0459ad8851f88081d439a4e41978e586ec743069e8b059370ac"
     ],
     "shared": true,
     "threads": true,
     "cflags": [],
     "cppflags": [],
     "cxxflags": [],
     "fflags": [],
     "ldflags": [],
     "ldlibs": []
    },
    "patches": [
     "0eac10ed90aeb0459ad8851f88081d439a4e41978e586ec743069e8b059370ac"
    ],
    "dependencies": {
     "gdbm": {
      "hash": "bc3xvqcxecxp2wql6dyyf5kl5553ohdk",
      "type": [
       "build",
       "link"
      ]
     }
    },
    "hash": "2cibcp73jjk46voknfgiykm5vhqmxao4"
   }
  },
  "v3iynan2575fichxxpjh4aqvs7pkle5c": {
   "tar": {
    "version": "1.32",
    "arch": {
     "platform": "linux",
     "platform_os": "centos7",
     "target": {
      "name": "haswell",
      "vendor": "GenuineIntel",
      "features": [
       "aes",
       "avx",
       "avx2",
       "bmi1",
       "bmi2",
       "f16c",
       "fma",
       "mmx",
       "movbe",
       "pclmulqdq",
       "popcnt",
       "rdrand",
       "sse",
       "sse2",
       "sse4_1",
       "sse4_2",
       "ssse3"
      ],
      "generation": 0,
      "parents": [
       "ivybridge"
      ]
     }
    },
    "compiler": {
     "name": "gcc",
     "version": "4.8.5"
    },
    "namespace": "builtin",
    "parameters": {
     "cflags": [],
     "cppflags": [],
     "cxxflags": [],
     "fflags": [],
     "ldflags": [],
     "ldlibs": []
    },
    "dependencies": {
     "libiconv": {
      "hash": "qazxaa4lnd2ukd44fjzdhayyxvcg3wyu",
      "type": [
       "build",
       "link"
      ]
     }
    },
    "hash": "v3iynan2575fichxxpjh4aqvs7pkle5c"
   }
  },
  "6iwwthwaipmxvahufkxtwmkfopm22e44": {
   "curl": {
    "version": "7.63.0",
    "arch": {
     "platform": "linux",
     "platform_os": "centos7",
     "target": {
      "name": "haswell",
      "vendor": "GenuineIntel",
      "features": [
       "aes",
       "avx",
       "avx2",
       "bmi1",
       "bmi2",
       "f16c",
       "fma",
       "mmx",
       "movbe",
       "pclmulqdq",
       "popcnt",
       "rdrand",
       "sse",
       "sse2",
       "sse4_1",
       "sse4_2",
       "ssse3"
      ],
      "generation": 0,
      "parents": [
       "ivybridge"
      ]
     }
    },
    "compiler": {
     "name": "gcc",
     "version": "4.8.5"
    },
    "namespace": "builtin",
    "parameters": {
     "darwinssl": false,
     "gssapi": false,
     "libssh": false,
     "libssh2": false,
     "nghttp2": false,
     "cflags": [],
     "cppflags": [],
     "cxxflags": [],
     "fflags": [],
     "ldflags": [],
     "ldlibs": []
    },
    "dependencies": {
     "openssl": {
      "hash": "dav4ikajd7rnlsyosk2wileqgcpsced4",
      "type": [
       "build",
       "link"
      ]
     },
     "zlib": {
      "hash": "pkmj6e72vggig3epxjcwxgzmxncaqnmp",
      "type": [
       "build",
       "link"
      ]
     }
    },
    "hash": "6iwwthwaipmxvahufkxtwmkfopm22e44"
   }
  },
  "ci3lhnxwcondujc2kjgk3rvea7a6qanw": {
   "pkgconf": {
    "version": "1.6.1",
    "arch": {
     "platform": "linux",
     "platform_os": "centos7",
     "target": {
      "name": "haswell",
      "vendor": "GenuineIntel",
      "features": [
       "aes",
       "avx",
       "avx2",
       "bmi1",
       "bmi2",
       "f16c",
       "fma",
       "mmx",
       "movbe",
       "pclmulqdq",
       "popcnt",
       "rdrand",
       "sse",
       "sse2",
       "sse4_1",
       "sse4_2",
       "ssse3"
      ],
      "generation": 0,
      "parents": [
       "ivybridge"
      ]
     }
    },
    "compiler": {
     "name": "gcc",
     "version": "4.8.5"
    },
    "namespace": "builtin",
    "parameters": {
     "cflags": [],
     "cppflags": [],
     "cxxflags": [],
     "fflags": [],
     "ldflags": [],
     "ldlibs": []
    },
    "hash": "ci3lhnxwcondujc2kjgk3rvea7a6qanw"
   }
  },
  "osez3s4drg564cfws7mueblvgtmg6n3n": {
   "gettext": {
    "version": "0.20.1",
    "arch": {
     "platform": "linux",
     "platform_os": "centos7",
     "target": {
      "name": "haswell",
      "vendor": "GenuineIntel",
      "features": [
       "aes",
       "avx",
       "avx2",
       "bmi1",
       "bmi2",
       "f16c",
       "fma",
       "mmx",
       "movbe",
       "pclmulqdq",
       "popcnt",
       "rdrand",
       "sse",
       "sse2",
       "sse4_1",
       "sse4_2",
       "ssse3"
      ],
      "generation": 0,
      "parents": [
       "ivybridge"
      ]
     }
    },
    "compiler": {
     "name": "gcc",
     "version": "4.8.5"
    },
    "namespace": "builtin",
    "parameters": {
     "bzip2": true,
     "curses": true,
     "git": true,
     "libunistring": false,
     "libxml2": true,
     "tar": true,
     "xz": true,
     "cflags": [],
     "cppflags": [],
     "cxxflags": [],
     "fflags": [],
     "ldflags": [],
     "ldlibs": []
    },
    "dependencies": {
     "bzip2": {
      "hash": "jzpf35bqftzbn3yhljwe4m54siflwihb",
      "type": [
       "build",
       "link"
      ]
     },
     "libxml2": {
      "hash": "aqmju5t5eq4v2rtt33jlqs5gxdwvfaj2",
      "type": [
       "build",
       "link"
      ]
     },
     "ncurses": {
      "hash": "g2bwjxi2jksusg7gzhjaxkzd4mnhu4wq",
      "type": [
       "build",
       "link"
      ]
     },
     "tar": {
      "hash": "v3iynan2575fichxxpjh4aqvs7pkle5c",
      "type": [
       "build",
       "link"
      ]
     },
     "xz": {
      "hash": "lwgmb5tpbe3qu5o427l2sysa6kffcz4w",
      "type": [
       "build",
       "link",
       "run"
      ]
     }
    },
    "hash": "5trbflxbs3zjweuc4wpzr35eekxanfon"
   }
  },
  "g2bwjxi2jksusg7gzhjaxkzd4mnhu4wq": {
   "ncurses": {
    "version": "6.1",
    "arch": {
     "platform": "linux",
     "platform_os": "centos7",
     "target": {
      "name": "haswell",
      "vendor": "GenuineIntel",
      "features": [
       "aes",
       "avx",
       "avx2",
       "bmi1",
       "bmi2",
       "f16c",
       "fma",
       "mmx",
       "movbe",
       "pclmulqdq",
       "popcnt",
       "rdrand",
       "sse",
       "sse2",
       "sse4_1",
       "sse4_2",
       "ssse3"
      ],
      "generation": 0,
      "parents": [
       "ivybridge"
      ]
     }
    },
    "compiler": {
     "name": "gcc",
     "version": "4.8.5"
    },
    "namespace": "builtin",
    "parameters": {
     "symlinks": false,
     "termlib": false,
     "cflags": [],
     "cppflags": [],
     "cxxflags": [],
     "fflags": [],
     "ldflags": [],
     "ldlibs": []
    },
    "dependencies": {
     "pkgconf": {
      "hash": "ci3lhnxwcondujc2kjgk3rvea7a6qanw",
      "type": [
       "build"
      ]
     }
    },
    "hash": "quxyulrhxn55p3kxb75u5ponk6ptgs4d"
   }
  },
  "jknorwe54bgplxnyom6sgwnbkong3jww": {
   "diffutils": {
    "version": "3.7",
    "arch": {
     "platform": "linux",
     "platform_os": "centos7",
     "target": {
      "name": "haswell",
      "vendor": "GenuineIntel",
      "features": [
       "aes",
       "avx",
       "avx2",
       "bmi1",
       "bmi2",
       "f16c",
       "fma",
       "mmx",
       "movbe",
       "pclmulqdq",
       "popcnt",
       "rdrand",
       "sse",
       "sse2",
       "sse4_1",
       "sse4_2",
       "ssse3"
      ],
      "generation": 0,
      "parents": [
       "ivybridge"
      ]
     }
    },
    "compiler": {
     "name": "gcc",
     "version": "4.8.5"
    },
    "namespace": "builtin",
    "parameters": {
     "cflags": [],
     "cppflags": [],
     "cxxflags": [],
     "fflags": [],
     "ldflags": [],
     "ldlibs": []
    },
    "dependencies": {
     "libiconv": {
      "hash": "qazxaa4lnd2ukd44fjzdhayyxvcg3wyu",
      "type": [
       "build",
       "link"
      ]
     }
    },
    "hash": "jknorwe54bgplxnyom6sgwnbkong3jww"
   }
  },
  "ctyrerhaud5bbsjvrbuhppw3t4jsvf5p": {
   "autoconf": {
    "version": "2.69",
    "arch": {
     "platform": "linux",
     "platform_os": "centos7",
     "target": {
      "name": "haswell",
      "vendor": "GenuineIntel",
      "features": [
       "aes",
       "avx",
       "avx2",
       "bmi1",
       "bmi2",
       "f16c",
       "fma",
       "mmx",
       "movbe",
       "pclmulqdq",
       "popcnt",
       "rdrand",
       "sse",
       "sse2",
       "sse4_1",
       "sse4_2",
       "ssse3"
      ],
      "generation": 0,
      "parents": [
       "ivybridge"
      ]
     }
    },
    "compiler": {
     "name": "gcc",
     "version": "4.8.5"
    },
    "namespace": "builtin",
    "parameters": {
     "cflags": [],
     "cppflags": [],
     "cxxflags": [],
     "fflags": [],
     "ldflags": [],
     "ldlibs": []
    },
    "dependencies": {
     "m4": {
      "hash": "7x2wh2thcpfjgeqxf4vhrqw3suxldfab",
      "type": [
       "build",
       "run"
      ]
     },
     "perl": {
      "hash": "fihrxoe23r5zy6t3es73hw7cnmomdk5a",
      "type": [
       "build",
       "run"
      ]
     }
    },
    "hash": "ky2nofqhxoaucj5vw7jeulpmhaj6hubj"
   }
  },
  "jzpf35bqftzbn3yhljwe4m54siflwihb": {
   "bzip2": {
    "version": "1.0.8",
    "arch": {
     "platform": "linux",
     "platform_os": "centos7",
     "target": {
      "name": "haswell",
      "vendor": "GenuineIntel",
      "features": [
       "aes",
       "avx",
       "avx2",
       "bmi1",
       "bmi2",
       "f16c",
       "fma",
       "mmx",
       "movbe",
       "pclmulqdq",
       "popcnt",
       "rdrand",
       "sse",
       "sse2",
       "sse4_1",
       "sse4_2",
       "ssse3"
      ],
      "generation": 0,
      "parents": [
       "ivybridge"
      ]
     }
    },
    "compiler": {
     "name": "gcc",
     "version": "4.8.5"
    },
    "namespace": "builtin",
    "parameters": {
     "shared": true,
     "cflags": [],
     "cppflags": [],
     "cxxflags": [],
     "fflags": [],
     "ldflags": [],
     "ldlibs": []
    },
    "dependencies": {
     "diffutils": {
      "hash": "jknorwe54bgplxnyom6sgwnbkong3jww",
      "type": [
       "build"
      ]
     }
    },
    "hash": "ersrl36bb43nnkjwe4t4gdur5jnwlzye"
   }
  },
  "us6ikem55563l47bjgj44otp5dv7rjmx": {
   "go": {
    "version": "1.14.1",
    "arch": {
     "platform": "linux",
     "platform_os": "centos7",
     "target": {
      "name": "haswell",
      "vendor": "GenuineIntel",
      "features": [
       "aes",
       "avx",
       "avx2",
       "bmi1",
       "bmi2",
       "f16c",
       "fma",
       "mmx",
       "movbe",
       "pclmulqdq",
       "popcnt",
       "rdrand",
       "sse",
       "sse2",
       "sse4_1",
       "sse4_2",
       "ssse3"
      ],
      "generation": 0,
      "parents": [
       "ivybridge"
      ]
     }
    },
    "compiler": {
     "name": "gcc",
     "version": "4.8.5"
    },
    "namespace": "builtin",
    "parameters": {
     "cflags": [],
     "cppflags": [],
     "cxxflags": [],
     "fflags": [],
     "ldflags": [],
     "ldlibs": []
    },
    "dependencies": {
     "git": {
      "hash": "gwli7p5qz4qaj7fsanlvudeafhitg4sg",
      "type": [
       "build",
       "link",
       "run"
      ]
     },
     "go-bootstrap": {
      "hash": "tzimfy66advuwmt4uuswwugxqejombo3",
      "type": [
       "build"
      ]
     }
    },
    "hash": "k3t6oqtbpn432siec4p5wjl2au53ajtq"
   }
  },
  "gwli7p5qz4qaj7fsanlvudeafhitg4sg": {
   "git": {
    "version": "2.21.0",
    "arch": {
     "platform": "linux",
     "platform_os": "centos7",
     "target": {
      "name": "haswell",
      "vendor": "GenuineIntel",
      "features": [
       "aes",
       "avx",
       "avx2",
       "bmi1",
       "bmi2",
       "f16c",
       "fma",
       "mmx",
       "movbe",
       "pclmulqdq",
       "popcnt",
       "rdrand",
       "sse",
       "sse2",
       "sse4_1",
       "sse4_2",
       "ssse3"
      ],
      "generation": 0,
      "parents": [
       "ivybridge"
      ]
     }
    },
    "compiler": {
     "name": "gcc",
     "version": "4.8.5"
    },
    "namespace": "builtin",
    "parameters": {
     "tcltk": false,
     "cflags": [],
     "cppflags": [],
     "cxxflags": [],
     "fflags": [],
     "ldflags": [],
     "ldlibs": []
    },
    "dependencies": {
     "autoconf": {
      "hash": "ctyrerhaud5bbsjvrbuhppw3t4jsvf5p",
      "type": [
       "build"
      ]
     },
     "automake": {
      "hash": "ykbcln5c7mxktjzq6vod35cg45lzo6dy",
      "type": [
       "build"
      ]
     },
     "curl": {
      "hash": "6iwwthwaipmxvahufkxtwmkfopm22e44",
      "type": [
       "build",
       "link"
      ]
     },
     "expat": {
      "hash": "kbptkkmpipuohhzg5iqexa4eov2cpcav",
      "type": [
       "build",
       "link"
      ]
     },
     "gettext": {
      "hash": "osez3s4drg564cfws7mueblvgtmg6n3n",
      "type": [
       "build",
       "link"
      ]
     },
     "libiconv": {
      "hash": "qazxaa4lnd2ukd44fjzdhayyxvcg3wyu",
      "type": [
       "build",
       "link"
      ]
     },
     "libtool": {
      "hash": "o5rvbr7ye7vq2vttbdecqmyvuenxljyl",
      "type": [
       "build"
      ]
     },
     "m4": {
      "hash": "7x2wh2thcpfjgeqxf4vhrqw3suxldfab",
      "type": [
       "build"
      ]
     },
     "openssl": {
      "hash": "dav4ikajd7rnlsyosk2wileqgcpsced4",
      "type": [
       "build",
       "link"
      ]
     },
     "pcre": {
      "hash": "o7tkbtibjxb7lazhxnqnwxwfezogvqto",
      "type": [
       "build",
       "link"
      ]
     },
     "perl": {
      "hash": "fihrxoe23r5zy6t3es73hw7cnmomdk5a",
      "type": [
       "build",
       "link"
      ]
     },
     "zlib": {
      "hash": "pkmj6e72vggig3epxjcwxgzmxncaqnmp",
      "type": [
       "build",
       "link"
      ]
     }
    },
    "hash": "oedb3qdxmhv6hsyrw2uwehgjd6hqk443"
   }
  },
  "o7tkbtibjxb7lazhxnqnwxwfezogvqto": {
   "pcre": {
    "version": "8.42",
    "arch": {
     "platform": "linux",
     "platform_os": "centos7",
     "target": {
      "name": "haswell",
      "vendor": "GenuineIntel",
      "features": [
       "aes",
       "avx",
       "avx2",
       "bmi1",
       "bmi2",
       "f16c",
       "fma",
       "mmx",
       "movbe",
       "pclmulqdq",
       "popcnt",
       "rdrand",
       "sse",
       "sse2",
       "sse4_1",
       "sse4_2",
       "ssse3"
      ],
      "generation": 0,
      "parents": [
       "ivybridge"
      ]
     }
    },
    "compiler": {
     "name": "gcc",
     "version": "4.8.5"
    },
    "namespace": "builtin",
    "parameters": {
     "jit": true,
     "multibyte": true,
     "utf": true,
     "cflags": [],
     "cppflags": [],
     "cxxflags": [],
     "fflags": [],
     "ldflags": [],
     "ldlibs": []
    },
    "hash": "o7tkbtibjxb7lazhxnqnwxwfezogvqto"
   }
  },
  "dav4ikajd7rnlsyosk2wileqgcpsced4": {
   "openssl": {
    "version": "1.0.2k",
    "arch": {
     "platform": "linux",
     "platform_os": "centos7",
     "target": {
      "name": "haswell",
      "vendor": "GenuineIntel",
      "features": [
       "aes",
       "avx",
       "avx2",
       "bmi1",
       "bmi2",
       "f16c",
       "fma",
       "mmx",
       "movbe",
       "pclmulqdq",
       "popcnt",
       "rdrand",
       "sse",
       "sse2",
       "sse4_1",
       "sse4_2",
       "ssse3"
      ],
      "generation": 0,
      "parents": [
       "ivybridge"
      ]
     }
    },
    "compiler": {
     "name": "gcc",
     "version": "4.8.5"
    },
    "namespace": "builtin",
    "parameters": {
     "systemcerts": true,
     "cflags": [],
     "cppflags": [],
     "cxxflags": [],
     "fflags": [],
     "ldflags": [],
     "ldlibs": []
    },
    "external": {
     "path": "/usr",
     "module": null
    },
    "hash": "dav4ikajd7rnlsyosk2wileqgcpsced4"
   }
  },
  "ymriiurzbqgc5sty6h7zsbys2p2miwh3": {
   "libsigsegv": {
    "version": "2.12",
    "arch": {
     "platform": "linux",
     "platform_os": "centos7",
     "target": {
      "name": "haswell",
      "vendor": "GenuineIntel",
      "features": [
       "aes",
       "avx",
       "avx2",
       "bmi1",
       "bmi2",
       "f16c",
       "fma",
       "mmx",
       "movbe",
       "pclmulqdq",
       "popcnt",
       "rdrand",
       "sse",
       "sse2",
       "sse4_1",
       "sse4_2",
       "ssse3"
      ],
      "generation": 0,
      "parents": [
       "ivybridge"
      ]
     }
    },
    "compiler": {
     "name": "gcc",
     "version": "4.8.5"
    },
    "namespace": "builtin",
    "parameters": {
     "cflags": [],
     "cppflags": [],
     "cxxflags": [],
     "fflags": [],
     "ldflags": [],
     "ldlibs": []
    },
    "hash": "ymriiurzbqgc5sty6h7zsbys2p2miwh3"
   }
  },
  "qazxaa4lnd2ukd44fjzdhayyxvcg3wyu": {
   "libiconv": {
    "version": "1.16",
    "arch": {
     "platform": "linux",
     "platform_os": "centos7",
     "target": {
      "name": "haswell",
      "vendor": "GenuineIntel",
      "features": [
       "aes",
       "avx",
       "avx2",
       "bmi1",
       "bmi2",
       "f16c",
       "fma",
       "mmx",
       "movbe",
       "pclmulqdq",
       "popcnt",
       "rdrand",
       "sse",
       "sse2",
       "sse4_1",
       "sse4_2",
       "ssse3"
      ],
      "generation": 0,
      "parents": [
       "ivybridge"
      ]
     }
    },
    "compiler": {
     "name": "gcc",
     "version": "4.8.5"
    },
    "namespace": "builtin",
    "parameters": {
     "cflags": [],
     "cppflags": [],
     "cxxflags": [],
     "fflags": [],
     "ldflags": [],
     "ldlibs": []
    },
    "hash": "qazxaa4lnd2ukd44fjzdhayyxvcg3wyu"
   }
  },
  "7x2wh2thcpfjgeqxf4vhrqw3suxldfab": {
   "m4": {
    "version": "1.4.18",
    "arch": {
     "platform": "linux",
     "platform_os": "centos7",
     "target": {
      "name": "haswell",
      "vendor": "GenuineIntel",
      "features": [
       "aes",
       "avx",
       "avx2",
       "bmi1",
       "bmi2",
       "f16c",
       "fma",
       "mmx",
       "movbe",
       "pclmulqdq",
       "popcnt",
       "rdrand",
       "sse",
       "sse2",
       "sse4_1",
       "sse4_2",
       "ssse3"
      ],
      "generation": 0,
      "parents": [
       "ivybridge"
      ]
     }
    },
    "compiler": {
     "name": "gcc",
     "version": "4.8.5"
    },
    "namespace": "builtin",
    "parameters": {
     "patches": [
      "3877ab548f88597ab2327a2230ee048d2d07ace1062efe81fc92e91b7f39cd00",
      "fc9b61654a3ba1a8d6cd78ce087e7c96366c290bc8d2c299f09828d793b853c8"
     ],
     "sigsegv": true,
     "cflags": [],
     "cppflags": [],
     "cxxflags": [],
     "fflags": [],
     "ldflags": [],
     "ldlibs": []
    },
    "patches": [
     "3877ab548f88597ab2327a2230ee048d2d07ace1062efe81fc92e91b7f39cd00",
     "fc9b61654a3ba1a8d6cd78ce087e7c96366c290bc8d2c299f09828d793b853c8"
    ],
    "dependencies": {
     "libsigsegv": {
      "hash": "ymriiurzbqgc5sty6h7zsbys2p2miwh3",
      "type": [
       "build",
       "link"
      ]
     }
    },
    "hash": "7x2wh2thcpfjgeqxf4vhrqw3suxldfab"
   }
  },
  "ykbcln5c7mxktjzq6vod35cg45lzo6dy": {
   "automake": {
    "version": "1.16.1",
    "arch": {
     "platform": "linux",
     "platform_os": "centos7",
     "target": {
      "name": "haswell",
      "vendor": "GenuineIntel",
      "features": [
       "aes",
       "avx",
       "avx2",
       "bmi1",
       "bmi2",
       "f16c",
       "fma",
       "mmx",
       "movbe",
       "pclmulqdq",
       "popcnt",
       "rdrand",
       "sse",
       "sse2",
       "sse4_1",
       "sse4_2",
       "ssse3"
      ],
      "generation": 0,
      "parents": [
       "ivybridge"
      ]
     }
    },
    "compiler": {
     "name": "gcc",
     "version": "4.8.5"
    },
    "namespace": "builtin",
    "parameters": {
     "cflags": [],
     "cppflags": [],
     "cxxflags": [],
     "fflags": [],
     "ldflags": [],
     "ldlibs": []
    },
    "dependencies": {
     "autoconf": {
      "hash": "ctyrerhaud5bbsjvrbuhppw3t4jsvf5p",
      "type": [
       "build"
      ]
     },
     "perl": {
      "hash": "fihrxoe23r5zy6t3es73hw7cnmomdk5a",
      "type": [
       "build",
       "run"
      ]
     }
    },
    "hash": "xb7bakpqdq3b5vey4ucpgyrqswys3pjf"
   }
  }
 },
 "_meta": {
  "lockfile-version": 2,
  "file-type": "spack-lockfile"
 },
 "roots": [
  {
   "hash": "us6ikem55563l47bjgj44otp5dv7rjmx",
   "spec": "go"
  }
 ]
}